
Microsoft Visual Studio Solution File, Format Version 12.00
# Visual Studio Version 17
VisualStudioVersion = 17.11.35312.102
MinimumVisualStudioVersion = 10.0.40219.1
Project("{FAE04EC0-301F-11D3-BF4B-00C04F79EFBC}") = "CAMA02", "CAMA02\CAMA02.csproj", "{52803CF3-F86F-4A05-B798-CBD02F019AE1}"
EndProject
Global
	GlobalSection(SolutionConfigurationPlatforms) = preSolution
		Debug|Any CPU = Debug|Any CPU
		Release|Any CPU = Release|Any CPU
	EndGlobalSection
	GlobalSection(ProjectConfigurationPlatforms) = postSolution
		{52803CF3-F86F-4A05-B798-CBD02F019AE1}.Debug|Any CPU.ActiveCfg = Debug|Any CPU
		{52803CF3-F86F-4A05-B798-CBD02F019AE1}.Debug|Any CPU.Build.0 = Debug|Any CPU
		{52803CF3-F86F-4A05-B798-CBD02F019AE1}.Release|Any CPU.ActiveCfg = Release|Any CPU
		{52803CF3-F86F-4A05-B798-CBD02F019AE1}.Release|Any CPU.Build.0 = Release|Any CPU
	EndGlobalSection
	GlobalSection(SolutionProperties) = preSolution
		HideSolutionNode = FALSE
	EndGlobalSection
	GlobalSection(ExtensibilityGlobals) = postSolution
		SolutionGuid = {22CA015D-1AEB-4B11-B346-CBFFF15225F0}
	EndGlobalSection
EndGlobal
